
Microsoft Visual Studio Solution File, Format Version 12.00
# Visual Studio Version 16
VisualStudioVersion = 16.0.30320.27
MinimumVisualStudioVersion = 10.0.40219.1
Project("{9A19103F-16F7-4668-BE54-9A1E7A4F7556}") = "Probabilities", "Probabilities\Probabilities.csproj", "{57B885FF-A464-405B-B1E7-4857920DD1E5}"
EndProject
Project("{FAE04EC0-301F-11D3-BF4B-00C04F79EFBC}") = "ProbabilitiesTest", "ProbabilitiesTest\ProbabilitiesTest.csproj", "{0B7BB703-AB42-4968-85F6-EC598F5485B5}"
EndProject
Global
	GlobalSection(SolutionConfigurationPlatforms) = preSolution
		Debug|Any CPU = Debug|Any CPU
		Release|Any CPU = Release|Any CPU
	EndGlobalSection
	GlobalSection(ProjectConfigurationPlatforms) = postSolution
		{57B885FF-A464-405B-B1E7-4857920DD1E5}.Debug|Any CPU.ActiveCfg = Debug|Any CPU
		{57B885FF-A464-405B-B1E7-4857920DD1E5}.Debug|Any CPU.Build.0 = Debug|Any CPU
		{57B885FF-A464-405B-B1E7-4857920DD1E5}.Release|Any CPU.ActiveCfg = Release|Any CPU
		{57B885FF-A464-405B-B1E7-4857920DD1E5}.Release|Any CPU.Build.0 = Release|Any CPU
		{0B7BB703-AB42-4968-85F6-EC598F5485B5}.Debug|Any CPU.ActiveCfg = Debug|Any CPU
		{0B7BB703-AB42-4968-85F6-EC598F5485B5}.Debug|Any CPU.Build.0 = Debug|Any CPU
		{0B7BB703-AB42-4968-85F6-EC598F5485B5}.Release|Any CPU.ActiveCfg = Release|Any CPU
		{0B7BB703-AB42-4968-85F6-EC598F5485B5}.Release|Any CPU.Build.0 = Release|Any CPU
	EndGlobalSection
	GlobalSection(SolutionProperties) = preSolution
		HideSolutionNode = FALSE
	EndGlobalSection
	GlobalSection(ExtensibilityGlobals) = postSolution
		SolutionGuid = {9069ECC3-079D-4E18-9D52-14DBB2B0AEA3}
	EndGlobalSection
EndGlobal
